
Microsoft Visual Studio Solution File, Format Version 12.00
# Visual Studio Version 17
VisualStudioVersion = 17.11.35222.181
MinimumVisualStudioVersion = 10.0.40219.1
Project("{FAE04EC0-301F-11D3-BF4B-00C04F79EFBC}") = "lab5", "lab5\lab5.csproj", "{68AB9387-704D-4051-A629-E45E3D2B517D}"
EndProject
Global
	GlobalSection(SolutionConfigurationPlatforms) = preSolution
		Debug|Any CPU = Debug|Any CPU
		Release|Any CPU = Release|Any CPU
	EndGlobalSection
	GlobalSection(ProjectConfigurationPlatforms) = postSolution
		{68AB9387-704D-4051-A629-E45E3D2B517D}.Debug|Any CPU.ActiveCfg = Debug|Any CPU
		{68AB9387-704D-4051-A629-E45E3D2B517D}.Debug|Any CPU.Build.0 = Debug|Any CPU
		{68AB9387-704D-4051-A629-E45E3D2B517D}.Release|Any CPU.ActiveCfg = Release|Any CPU
		{68AB9387-704D-4051-A629-E45E3D2B517D}.Release|Any CPU.Build.0 = Release|Any CPU
	EndGlobalSection
	GlobalSection(SolutionProperties) = preSolution
		HideSolutionNode = FALSE
	EndGlobalSection
	GlobalSection(ExtensibilityGlobals) = postSolution
		SolutionGuid = {7C6427DD-5333-4353-A14A-346969A287A9}
	EndGlobalSection
EndGlobal
